
Microsoft Visual Studio Solution File, Format Version 12.00
# Visual Studio Version 16
VisualStudioVersion = 16.0.30717.126
MinimumVisualStudioVersion = 10.0.40219.1
Project("{FAE04EC0-301F-11D3-BF4B-00C04F79EFBC}") = "Balance_and_Gross_errors", "Balance_and_Gross_errors\Balance_and_Gross_errors.csproj", "{39BFEB08-A1CD-401D-ADBB-BC4F4766E861}"
EndProject
Global
	GlobalSection(SolutionConfigurationPlatforms) = preSolution
		Debug|Any CPU = Debug|Any CPU
		Release|Any CPU = Release|Any CPU
	EndGlobalSection
	GlobalSection(ProjectConfigurationPlatforms) = postSolution
		{39BFEB08-A1CD-401D-ADBB-BC4F4766E861}.Debug|Any CPU.ActiveCfg = Debug|Any CPU
		{39BFEB08-A1CD-401D-ADBB-BC4F4766E861}.Debug|Any CPU.Build.0 = Debug|Any CPU
		{39BFEB08-A1CD-401D-ADBB-BC4F4766E861}.Release|Any CPU.ActiveCfg = Release|Any CPU
		{39BFEB08-A1CD-401D-ADBB-BC4F4766E861}.Release|Any CPU.Build.0 = Release|Any CPU
	EndGlobalSection
	GlobalSection(SolutionProperties) = preSolution
		HideSolutionNode = FALSE
	EndGlobalSection
	GlobalSection(ExtensibilityGlobals) = postSolution
		SolutionGuid = {4F869464-5C94-49CD-BB27-B5408D11AB50}
	EndGlobalSection
EndGlobal
